schema: '2.0'
stages:
  data_ingestion:
    cmd: python src/data_ingestion.py
    deps:
    - path: src/data_ingestion.py
      hash: md5
      md5: 432a8d0b8c1a1e4f66aed20b18e6f27c
      size: 3620
    params:
      params.yaml:
        data_ingestion.test_size: 0.3
    outs:
    - path: data/raw
      hash: md5
      md5: d26befd2dda9438254177d9000d9ba1f.dir
      size: 484846
      nfiles: 2
  data_preprocessing:
    cmd: python src/data_preprocessing.py
    deps:
    - path: data/raw
      hash: md5
      md5: d26befd2dda9438254177d9000d9ba1f.dir
      size: 484846
      nfiles: 2
    - path: src/data_preprocessing.py
      hash: md5
      md5: 2fa6089998e8572b363c191488e9f6a3
      size: 3859
    outs:
    - path: data/interim
      hash: md5
      md5: 61ca13b2e20854a1f7bacbbcfeca409e.dir
      size: 262513
      nfiles: 2
  feature_engineering:
    cmd: python src/feature_engineering.py
    deps:
    - path: data/interim
      hash: md5
      md5: 61ca13b2e20854a1f7bacbbcfeca409e.dir
      size: 262513
      nfiles: 2
    - path: src/feature_engineering.py
      hash: md5
      md5: 761f82c92671c13c21502a1f3e522097
      size: 3855
    params:
      params.yaml:
        feature_engineering.max_features: 60
    outs:
    - path: data/processed
      hash: md5
      md5: f87db94b065900a6e095f14fc714efb7.dir
      size: 1417327
      nfiles: 2
  model_training:
    cmd: python src/model_training.py
    deps:
    - path: data/processed
      hash: md5
      md5: f87db94b065900a6e095f14fc714efb7.dir
      size: 1417327
      nfiles: 2
    - path: src/model_training.py
      hash: md5
      md5: d1248a24387314a3269703f55c331881
      size: 4478
    params:
      params.yaml:
        model_training.n_estimators: 30
        model_training.random_state: 5
    outs:
    - path: models/
      hash: md5
      md5: 0b83e6fcfb5f427e15f874a61432b5ac.dir
      size: 1186017
      nfiles: 1
  model_evaluation:
    cmd: python src/model_evaluation.py
    deps:
    - path: models/
      hash: md5
      md5: 0b83e6fcfb5f427e15f874a61432b5ac.dir
      size: 1186017
      nfiles: 1
    - path: src/model_evaluation.py
      hash: md5
      md5: 3fccd4f903551740ef66384a0934424f
      size: 4645
    outs:
    - path: reports/
      hash: md5
      md5: d4c957dbf6bcd6d8ac162cca28672b0c.dir
      size: 145
      nfiles: 1
